{
  "name": "sentinel-soc-toolkit",
  "version": "1.0.7",
  "lockfileVersion": 3,
  "requires": true,
  "packages": {
    "": {
      "name": "sentinel-soc-toolkit",
      "version": "1.0.7",
      "license": "MIT",
      "bin": {
        "sentinel": "server.js"
      },
      "engines": {
        "node": ">=14"
      }
    }
  }
}
